// !$*UTF8*$!
{
	archiveVersion = 1;
	classes = {
	};
	objectVersion = 50;
	objects = {

/* Begin PBXBuildFile section */
		99739A08258D194200F772D8 /* TaskViewController.swift in Sources */ = {isa = PBXBuildFile; fileRef = 99739A07258D194200F772D8 /* TaskViewController.swift */; };
		9995B69F258CFAAF009DA90A /* AppDelegate.swift in Sources */ = {isa = PBXBuildFile; fileRef = 9995B69E258CFAAF009DA90A /* AppDelegate.swift */; };
		9995B6A1258CFAAF009DA90A /* SceneDelegate.swift in Sources */ = {isa = PBXBuildFile; fileRef = 9995B6A0258CFAAF009DA90A /* SceneDelegate.swift */; };
		9995B6A3258CFAAF009DA90A /* ViewController.swift in Sources */ = {isa = PBXBuildFile; fileRef = 9995B6A2258CFAAF009DA90A /* ViewController.swift */; };
		9995B6A6258CFAAF009DA90A /* Main.storyboard in Resources */ = {isa = PBXBuildFile; fileRef = 9995B6A4258CFAAF009DA90A /* Main.storyboard */; };
		9995B6A9258CFAAF009DA90A /* Task_management.xcdatamodeld in Sources */ = {isa = PBXBuildFile; fileRef = 9995B6A7258CFAAF009DA90A /* Task_management.xcdatamodeld */; };
		9995B6AB258CFAB0009DA90A /* Assets.xcassets in Resources */ = {isa = PBXBuildFile; fileRef = 9995B6AA258CFAB0009DA90A /* Assets.xcassets */; };
		9995B6AE258CFAB0009DA90A /* LaunchScreen.storyboard in Resources */ = {isa = PBXBuildFile; fileRef = 9995B6AC258CFAB0009DA90A /* LaunchScreen.storyboard */; };
		9995B6B8258CFD28009DA90A /* Task+CoreDataClass.swift in Sources */ = {isa = PBXBuildFile; fileRef = 9995B6B6258CFD28009DA90A /* Task+CoreDataClass.swift */; };
		9995B6B9258CFD28009DA90A /* Task+CoreDataProperties.swift in Sources */ = {isa = PBXBuildFile; fileRef = 9995B6B7258CFD28009DA90A /* Task+CoreDataProperties.swift */; };
/* End PBXBuildFile section */

/* Begin PBXFileReference section */
		99739A07258D194200F772D8 /* TaskViewController.swift */ = {isa = PBXFileReference; lastKnownFileType = sourcecode.swift; path = TaskViewController.swift; sourceTree = "<group>"; };
		9995B69B258CFAAF009DA90A /* Task management.app */ = {isa = PBXFileReference; explicitFileType = wrapper.application; includeInIndex = 0; path = "Task management.app"; sourceTree = BUILT_PRODUCTS_DIR; };
		9995B69E258CFAAF009DA90A /* AppDelegate.swift */ = {isa = PBXFileReference; lastKnownFileType = sourcecode.swift; path = AppDelegate.swift; sourceTree = "<group>"; };
		9995B6A0258CFAAF009DA90A /* SceneDelegate.swift */ = {isa = PBXFileReference; lastKnownFileType = sourcecode.swift; path = SceneDelegate.swift; sourceTree = "<group>"; };
		9995B6A2258CFAAF009DA90A /* ViewController.swift */ = {isa = PBXFileReference; lastKnownFileType = sourcecode.swift; path = ViewController.swift; sourceTree = "<group>"; };
		9995B6A5258CFAAF009DA90A /* Base */ = {isa = PBXFileReference; lastKnownFileType = file.storyboard; name = Base; path = Base.lproj/Main.storyboard; sourceTree = "<group>"; };
		9995B6A8258CFAAF009DA90A /* Task_management.xcdatamodel */ = {isa = PBXFileReference; lastKnownFileType = wrapper.xcdatamodel; path = Task_management.xcdatamodel; sourceTree = "<group>"; };
		9995B6AA258CFAB0009DA90A /* Assets.xcassets */ = {isa = PBXFileReference; lastKnownFileType = folder.assetcatalog; path = Assets.xcassets; sourceTree = "<group>"; };
		9995B6AD258CFAB0009DA90A /* Base */ = {isa = PBXFileReference; lastKnownFileType = file.storyboard; name = Base; path = Base.lproj/LaunchScreen.storyboard; sourceTree = "<group>"; };
		9995B6AF258CFAB0009DA90A /* Info.plist */ = {isa = PBXFileReference; lastKnownFileType = text.plist.xml; path = Info.plist; sourceTree = "<group>"; };
		9995B6B6258CFD28009DA90A /* Task+CoreDataClass.swift */ = {isa = PBXFileReference; lastKnownFileType = sourcecode.swift; path = "Task+CoreDataClass.swift"; sourceTree = "<group>"; };
		9995B6B7258CFD28009DA90A /* Task+CoreDataProperties.swift */ = {isa = PBXFileReference; lastKnownFileType = sourcecode.swift; path = "Task+CoreDataProperties.swift"; sourceTree = "<group>"; };
/* End PBXFileReference section */

/* Begin PBXFrameworksBuildPhase section */
		9995B698258CFAAF009DA90A /* Frameworks */ = {
			isa = PBXFrameworksBuildPhase;
			buildActionMask = 2147483647;
			files = (
			);
			runOnlyForDeploymentPostprocessing = 0;
		};
/* End PBXFrameworksBuildPhase section */

/* Begin PBXGroup section */
		9995B692258CFAAF009DA90A = {
			isa = PBXGroup;
			children = (
				9995B69D258CFAAF009DA90A /* Task management */,
				9995B69C258CFAAF009DA90A /* Products */,
			);
			sourceTree = "<group>";
		};
		9995B69C258CFAAF009DA90A /* Products */ = {
			isa = PBXGroup;
			children = (
				9995B69B258CFAAF009DA90A /* Task management.app */,
			);
			name = Products;
			sourceTree = "<group>";
		};
		9995B69D258CFAAF009DA90A /* Task management */ = {
			isa = PBXGroup;
			children = (
				9995B6BB258CFD3D009DA90A /* Model */,
				9995B69E258CFAAF009DA90A /* AppDelegate.swift */,
				9995B6A0258CFAAF009DA90A /* SceneDelegate.swift */,
				9995B6A2258CFAAF009DA90A /* ViewController.swift */,
				99739A07258D194200F772D8 /* TaskViewController.swift */,
				9995B6A4258CFAAF009DA90A /* Main.storyboard */,
				9995B6AA258CFAB0009DA90A /* Assets.xcassets */,
				9995B6AC258CFAB0009DA90A /* LaunchScreen.storyboard */,
				9995B6AF258CFAB0009DA90A /* Info.plist */,
				9995B6A7258CFAAF009DA90A /* Task_management.xcdatamodeld */,
			);
			path = "Task management";
			sourceTree = "<group>";
		};
		9995B6BB258CFD3D009DA90A /* Model */ = {
			isa = PBXGroup;
			children = (
				9995B6B6258CFD28009DA90A /* Task+CoreDataClass.swift */,
				9995B6B7258CFD28009DA90A /* Task+CoreDataProperties.swift */,
			);
			path = Model;
			sourceTree = "<group>";
		};
/* End PBXGroup section */

/* Begin PBXNativeTarget section */
		9995B69A258CFAAF009DA90A /* Task management */ = {
			isa = PBXNativeTarget;
			buildConfigurationList = 9995B6B2258CFAB0009DA90A /* Build configuration list for PBXNativeTarget "Task management" */;
			buildPhases = (
				9995B697258CFAAF009DA90A /* Sources */,
				9995B698258CFAAF009DA90A /* Frameworks */,
				9995B699258CFAAF009DA90A /* Resources */,
			);
			buildRules = (
			);
			dependencies = (
			);
			name = "Task management";
			productName = "Task management";
			productReference = 9995B69B258CFAAF009DA90A /* Task management.app */;
			productType = "com.apple.product-type.application";
		};
/* End PBXNativeTarget section */

/* Begin PBXProject section */
		9995B693258CFAAF009DA90A /* Project object */ = {
			isa = PBXProject;
			attributes = {
				LastSwiftUpdateCheck = 1230;
				LastUpgradeCheck = 1230;
				TargetAttributes = {
					9995B69A258CFAAF009DA90A = {
						CreatedOnToolsVersion = 12.3;
					};
				};
			};
			buildConfigurationList = 9995B696258CFAAF009DA90A /* Build configuration list for PBXProject "Task management" */;
			compatibilityVersion = "Xcode 9.3";
			developmentRegion = en;
			hasScannedForEncodings = 0;
			knownRegions = (
				en,
				Base,
			);
			mainGroup = 9995B692258CFAAF009DA90A;
			productRefGroup = 9995B69C258CFAAF009DA90A /* Products */;
			projectDirPath = "";
			projectRoot = "";
			targets = (
				9995B69A258CFAAF009DA90A /* Task management */,
			);
		};
/* End PBXProject section */

/* Begin PBXResourcesBuildPhase section */
		9995B699258CFAAF009DA90A /* Resources */ = {
			isa = PBXResourcesBuildPhase;
			buildActionMask = 2147483647;
			files = (
				9995B6AE258CFAB0009DA90A /* LaunchScreen.storyboard in Resources */,
				9995B6AB258CFAB0009DA90A /* Assets.xcassets in Resources */,
				9995B6A6258CFAAF009DA90A /* Main.storyboard in Resources */,
			);
			runOnlyForDeploymentPostprocessing = 0;
		};
/* End PBXResourcesBuildPhase section */

/* Begin PBXSourcesBuildPhase section */
		9995B697258CFAAF009DA90A /* Sources */ = {
			isa = PBXSourcesBuildPhase;
			buildActionMask = 2147483647;
			files = (
				9995B6A3258CFAAF009DA90A /* ViewController.swift in Sources */,
				9995B6B8258CFD28009DA90A /* Task+CoreDataClass.swift in Sources */,
				9995B69F258CFAAF009DA90A /* AppDelegate.swift in Sources */,
				9995B6A1258CFAAF009DA90A /* SceneDelegate.swift in Sources */,
				9995B6B9258CFD28009DA90A /* Task+CoreDataProperties.swift in Sources */,
				9995B6A9258CFAAF009DA90A /* Task_management.xcdatamodeld in Sources */,
				99739A08258D194200F772D8 /* TaskViewController.swift in Sources */,
			);
			runOnlyForDeploymentPostprocessing = 0;
		};
/* End PBXSourcesBuildPhase section */

/* Begin PBXVariantGroup section */
		9995B6A4258CFAAF009DA90A /* Main.storyboard */ = {
			isa = PBXVariantGroup;
			children = (
				9995B6A5258CFAAF009DA90A /* Base */,
			);
			name = Main.storyboard;
			sourceTree = "<group>";
		};
		9995B6AC258CFAB0009DA90A /* LaunchScreen.storyboard */ = {
			isa = PBXVariantGroup;
			children = (
				9995B6AD258CFAB0009DA90A /* Base */,
			);
			name = LaunchScreen.storyboard;
			sourceTree = "<group>";
		};
/* End PBXVariantGroup section */

/* Begin XCBuildConfiguration section */
		9995B6B0258CFAB0009DA90A /* Debug */ = {
			isa = XCBuildConfiguration;
			buildSettings = {
				ALWAYS_SEARCH_USER_PATHS = NO;
				CLANG_ANALYZER_NONNULL = YES;
				CLANG_ANALYZER_NUMBER_OBJECT_CONVERSION = YES_AGGRESSIVE;
				CLANG_CXX_LANGUAGE_STANDARD = "gnu++14";
				CLANG_CXX_LIBRARY = "libc++";
				CLANG_ENABLE_MODULES = YES;
				CLANG_ENABLE_OBJC_ARC = YES;
				CLANG_ENABLE_OBJC_WEAK = YES;
				CLANG_WARN_BLOCK_CAPTURE_AUTORELEASING = YES;
				CLANG_WARN_BOOL_CONVERSION = YES;
				CLANG_WARN_COMMA = YES;
				CLANG_WARN_CONSTANT_CONVERSION = YES;
				CLANG_WARN_DEPRECATED_OBJC_IMPLEMENTATIONS = YES;
				CLANG_WARN_DIRECT_OBJC_ISA_USAGE = YES_ERROR;
				CLANG_WARN_DOCUMENTATION_COMMENTS = YES;
				CLANG_WARN_EMPTY_BODY = YES;
				CLANG_WARN_ENUM_CONVERSION = YES;
				CLANG_WARN_INFINITE_RECURSION = YES;
				CLANG_WARN_INT_CONVERSION = YES;
				CLANG_WARN_NON_LITERAL_NULL_CONVERSION = YES;
				CLANG_WARN_OBJC_IMPLICIT_RETAIN_SELF = YES;
				CLANG_WARN_OBJC_LITERAL_CONVERSION = YES;
				CLANG_WARN_OBJC_ROOT_CLASS = YES_ERROR;
				CLANG_WARN_QUOTED_INCLUDE_IN_FRAMEWORK_HEADER = YES;
				CLANG_WARN_RANGE_LOOP_ANALYSIS = YES;
				CLANG_WARN_STRICT_PROTOTYPES = YES;
				CLANG_WARN_SUSPICIOUS_MOVE = YES;
				CLANG_WARN_UNGUARDED_AVAILABILITY = YES_AGGRESSIVE;
				CLANG_WARN_UNREACHABLE_CODE = YES;
				CLANG_WARN__DUPLICATE_METHOD_MATCH = YES;
				COPY_PHASE_STRIP = NO;
				DEBUG_INFORMATION_FORMAT = dwarf;
				ENABLE_STRICT_OBJC_MSGSEND = YES;
				ENABLE_TESTABILITY = YES;
				GCC_C_LANGUAGE_STANDARD = gnu11;
				GCC_DYNAMIC_NO_PIC = NO;
				GCC_NO_COMMON_BLOCKS = YES;
				GCC_OPTIMIZATION_LEVEL = 0;
				GCC_PREPROCESSOR_DEFINITIONS = (
					"DEBUG=1",
					"$(inherited)",
				);
				GCC_WARN_64_TO_32_BIT_CONVERSION = YES;
				GCC_WARN_ABOUT_RETURN_TYPE = YES_ERROR;
				GCC_WARN_UNDECLARED_SELECTOR = YES;
				GCC_WARN_UNINITIALIZED_AUTOS = YES_AGGRESSIVE;
				GCC_WARN_UNUSED_FUNCTION = YES;
				GCC_WARN_UNUSED_VARIABLE = YES;
				IPHONEOS_DEPLOYMENT_TARGET = 14.3;
				MTL_ENABLE_DEBUG_INFO = INCLUDE_SOURCE;
				MTL_FAST_MATH = YES;
				ONLY_ACTIVE_ARCH = YES;
				SDKROOT = iphoneos;
				SWIFT_ACTIVE_COMPILATION_CONDITIONS = DEBUG;
				SWIFT_OPTIMIZATION_LEVEL = "-Onone";
			};
			name = Debug;
		};
		9995B6B1258CFAB0009DA90A /* Release */ = {
			isa = XCBuildConfiguration;
			buildSettings = {
				ALWAYS_SEARCH_USER_PATHS = NO;
				CLANG_ANALYZER_NONNULL = YES;
				CLANG_ANALYZER_NUMBER_OBJECT_CONVERSION = YES_AGGRESSIVE;
				CLANG_CXX_LANGUAGE_STANDARD = "gnu++14";
				CLANG_CXX_LIBRARY = "libc++";
				CLANG_ENABLE_MODULES = YES;
				CLANG_ENABLE_OBJC_ARC = YES;
				CLANG_ENABLE_OBJC_WEAK = YES;
				CLANG_WARN_BLOCK_CAPTURE_AUTORELEASING = YES;
				CLANG_WARN_BOOL_CONVERSION = YES;
				CLANG_WARN_COMMA = YES;
				CLANG_WARN_CONSTANT_CONVERSION = YES;
				CLANG_WARN_DEPRECATED_OBJC_IMPLEMENTATIONS = YES;
				CLANG_WARN_DIRECT_OBJC_ISA_USAGE = YES_ERROR;
				CLANG_WARN_DOCUMENTATION_COMMENTS = YES;
				CLANG_WARN_EMPTY_BODY = YES;
				CLANG_WARN_ENUM_CONVERSION = YES;
				CLANG_WARN_INFINITE_RECURSION = YES;
				CLANG_WARN_INT_CONVERSION = YES;
				CLANG_WARN_NON_LITERAL_NULL_CONVERSION = YES;
				CLANG_WARN_OBJC_IMPLICIT_RETAIN_SELF = YES;
				CLANG_WARN_OBJC_LITERAL_CONVERSION = YES;
				CLANG_WARN_OBJC_ROOT_CLASS = YES_ERROR;
				CLANG_WARN_QUOTED_INCLUDE_IN_FRAMEWORK_HEADER = YES;
				CLANG_WARN_RANGE_LOOP_ANALYSIS = YES;
				CLANG_WARN_STRICT_PROTOTYPES = YES;
				CLANG_WARN_SUSPICIOUS_MOVE = YES;
				CLANG_WARN_UNGUARDED_AVAILABILITY = YES_AGGRESSIVE;
				CLANG_WARN_UNREACHABLE_CODE = YES;
				CLANG_WARN__DUPLICATE_METHOD_MATCH = YES;
				COPY_PHASE_STRIP = NO;
				DEBUG_INFORMATION_FORMAT = "dwarf-with-dsym";
				ENABLE_NS_ASSERTIONS = NO;
				ENABLE_STRICT_OBJC_MSGSEND = YES;
				GCC_C_LANGUAGE_STANDARD = gnu11;
				GCC_NO_COMMON_BLOCKS = YES;
				GCC_WARN_64_TO_32_BIT_CONVERSION = YES;
				GCC_WARN_ABOUT_RETURN_TYPE = YES_ERROR;
				GCC_WARN_UNDECLARED_SELECTOR = YES;
				GCC_WARN_UNINITIALIZED_AUTOS = YES_AGGRESSIVE;
				GCC_WARN_UNUSED_FUNCTION = YES;
				GCC_WARN_UNUSED_VARIABLE = YES;
				IPHONEOS_DEPLOYMENT_TARGET = 14.3;
				MTL_ENABLE_DEBUG_INFO = NO;
				MTL_FAST_MATH = YES;
				SDKROOT = iphoneos;
				SWIFT_COMPILATION_MODE = wholemodule;
				SWIFT_OPTIMIZATION_LEVEL = "-O";
				VALIDATE_PRODUCT = YES;
			};
			name = Release;
		};
		9995B6B3258CFAB0009DA90A /* Debug */ = {
			isa = XCBuildConfiguration;
			buildSettings = {
				ASSETCATALOG_COMPILER_APPICON_NAME = AppIcon;
				ASSETCATALOG_COMPILER_GLOBAL_ACCENT_COLOR_NAME = AccentColor;
				CODE_SIGN_STYLE = Automatic;
				DEVELOPMENT_TEAM = 48APBRKW5R;
				INFOPLIST_FILE = "Task management/Info.plist";
				LD_RUNPATH_SEARCH_PATHS = (
					"$(inherited)",
					"@executable_path/Frameworks",
				);
				PRODUCT_BUNDLE_IDENTIFIER = "com.iivanu.Task-management";
				PRODUCT_NAME = "$(TARGET_NAME)";
				SWIFT_VERSION = 5.0;
				TARGETED_DEVICE_FAMILY = "1,2";
			};
			name = Debug;
		};
		9995B6B4258CFAB0009DA90A /* Release */ = {
			isa = XCBuildConfiguration;
			buildSettings = {
				ASSETCATALOG_COMPILER_APPICON_NAME = AppIcon;
				ASSETCATALOG_COMPILER_GLOBAL_ACCENT_COLOR_NAME = AccentColor;
				CODE_SIGN_STYLE = Automatic;
				DEVELOPMENT_TEAM = 48APBRKW5R;
				INFOPLIST_FILE = "Task management/Info.plist";
				LD_RUNPATH_SEARCH_PATHS = (
					"$(inherited)",
					"@executable_path/Frameworks",
				);
				PRODUCT_BUNDLE_IDENTIFIER = "com.iivanu.Task-management";
				PRODUCT_NAME = "$(TARGET_NAME)";
				SWIFT_VERSION = 5.0;
				TARGETED_DEVICE_FAMILY = "1,2";
			};
			name = Release;
		};
/* End XCBuildConfiguration section */

/* Begin XCConfigurationList section */
		9995B696258CFAAF009DA90A /* Build configuration list for PBXProject "Task management" */ = {
			isa = XCConfigurationList;
			buildConfigurations = (
				9995B6B0258CFAB0009DA90A /* Debug */,
				9995B6B1258CFAB0009DA90A /* Release */,
			);
			defaultConfigurationIsVisible = 0;
			defaultConfigurationName = Release;
		};
		9995B6B2258CFAB0009DA90A /* Build configuration list for PBXNativeTarget "Task management" */ = {
			isa = XCConfigurationList;
			buildConfigurations = (
				9995B6B3258CFAB0009DA90A /* Debug */,
				9995B6B4258CFAB0009DA90A /* Release */,
			);
			defaultConfigurationIsVisible = 0;
			defaultConfigurationName = Release;
		};
/* End XCConfigurationList section */

/* Begin XCVersionGroup section */
		9995B6A7258CFAAF009DA90A /* Task_management.xcdatamodeld */ = {
			isa = XCVersionGroup;
			children = (
				9995B6A8258CFAAF009DA90A /* Task_management.xcdatamodel */,
			);
			currentVersion = 9995B6A8258CFAAF009DA90A /* Task_management.xcdatamodel */;
			path = Task_management.xcdatamodeld;
			sourceTree = "<group>";
			versionGroupType = wrapper.xcdatamodel;
		};
/* End XCVersionGroup section */
	};
	rootObject = 9995B693258CFAAF009DA90A /* Project object */;
}
